{
  "object": {
    "pins": [
      {
        "package": "Commandant",
        "repositoryURL": "https://github.com/Carthage/Commandant.git",
        "state": {
          "branch": null,
          "revision": "ab68611013dec67413628ac87c1f29e8427bc8e4",
          "version": "0.17.0"
        }
      },
      {
        "package": "Files",
        "repositoryURL": "https://github.com/johnsundell/files.git",
        "state": {
          "branch": null,
          "revision": "d273b5b7025d386feef79ef6bad7de762e106eaf",
          "version": "4.2.0"
        }
      },
      {
        "package": "Nimble",
        "repositoryURL": "https://github.com/Quick/Nimble.git",
        "state": {
          "branch": null,
          "revision": "7a46a5fc86cb917f69e3daf79fcb045283d8f008",
          "version": "8.1.2"
        }
      },
      {
        "package": "Quick",
        "repositoryURL": "https://github.com/Quick/Quick.git",
        "state": {
          "branch": null,
          "revision": "09b3becb37cb2163919a3842a4c5fa6ec7130792",
          "version": "2.2.1"
        }
      },
      {
        "package": "ShellOut",
        "repositoryURL": "https://github.com/JohnSundell/ShellOut.git",
        "state": {
          "branch": null,
          "revision": "e1577acf2b6e90086d01a6d5e2b8efdaae033568",
          "version": "2.3.0"
        }
      },
      {
        "package": "source-kitten-adapter",
        "repositoryURL": "https://github.com/Incetro/source-kitten-adapter",
        "state": {
          "branch": null,
          "revision": "f5ba0792326ff2f4b0fea7db328c8a41717d043c",
          "version": "0.0.5"
        }
      },
      {
        "package": "SourceKitten",
        "repositoryURL": "https://github.com/jpsim/SourceKitten",
        "state": {
          "branch": null,
          "revision": "c0f960f72fa1e6151695074ffa696e4da6c45ce8",
          "version": "0.30.1"
        }
      },
      {
        "package": "swift-argument-parser",
        "repositoryURL": "https://github.com/apple/swift-argument-parser",
        "state": {
          "branch": null,
          "revision": "92646c0cdbaca076c8d3d0207891785b3379cbff",
          "version": "0.3.1"
        }
      },
      {
        "package": "SWXMLHash",
        "repositoryURL": "https://github.com/drmohundro/SWXMLHash.git",
        "state": {
          "branch": null,
          "revision": "a4931e5c3bafbedeb1601d3bb76bbe835c6d475a",
          "version": "5.0.1"
        }
      },
      {
        "package": "Yams",
        "repositoryURL": "https://github.com/jpsim/Yams.git",
        "state": {
          "branch": null,
          "revision": "138cf1b701cf825233b92ceac919152d5aba8a3f",
          "version": "4.0.1"
        }
      }
    ]
  },
  "version": 1
}
